
Microsoft Visual Studio Solution File, Format Version 12.00
# Visual Studio Version 16
VisualStudioVersion = 16.0.32106.194
MinimumVisualStudioVersion = 10.0.40219.1
Project("{FAE04EC0-301F-11D3-BF4B-00C04F79EFBC}") = "App", "App.csproj", "{C6CCC289-AA62-4300-9152-6D56FE92CAF6}"
EndProject
Global
	GlobalSection(SolutionConfigurationPlatforms) = preSolution
		Debug|Any CPU = Debug|Any CPU
		Release|Any CPU = Release|Any CPU
	EndGlobalSection
	GlobalSection(ProjectConfigurationPlatforms) = postSolution
		{C6CCC289-AA62-4300-9152-6D56FE92CAF6}.Debug|Any CPU.ActiveCfg = Debug|Any CPU
		{C6CCC289-AA62-4300-9152-6D56FE92CAF6}.Debug|Any CPU.Build.0 = Debug|Any CPU
		{C6CCC289-AA62-4300-9152-6D56FE92CAF6}.Release|Any CPU.ActiveCfg = Release|Any CPU
		{C6CCC289-AA62-4300-9152-6D56FE92CAF6}.Release|Any CPU.Build.0 = Release|Any CPU
	EndGlobalSection
	GlobalSection(SolutionProperties) = preSolution
		HideSolutionNode = FALSE
	EndGlobalSection
	GlobalSection(ExtensibilityGlobals) = postSolution
		SolutionGuid = {43D65ECF-1855-4B6F-98C9-184D3402B251}
	EndGlobalSection
EndGlobal
